
Microsoft Visual Studio Solution File, Format Version 12.00
Project("{FAE04EC0-301F-11D3-BF4B-00C04F79EFBC}") = "SelfExtendingBackend.Backend", "SelfExtendingBackend.Backend\SelfExtendingBackend.Backend.csproj", "{B2D0C3AA-BC39-44EF-B65B-178E94941F96}"
EndProject
Project("{FAE04EC0-301F-11D3-BF4B-00C04F79EFBC}") = "SelfExtendingBackend.Generation", "SelfExtendingBackend.Generation\SelfExtendingBackend.Generation.csproj", "{CF1489CB-4238-4D2C-9521-2C0C2DE8086F}"
EndProject
Project("{FAE04EC0-301F-11D3-BF4B-00C04F79EFBC}") = "SelfExtendingBackend.Contract", "SelfExtendingBackend.Contract\SelfExtendingBackend.Contract.csproj", "{C684B085-97D2-4D38-9009-B37DDD9E407A}"
EndProject
Project("{FAE04EC0-301F-11D3-BF4B-00C04F79EFBC}") = "SelfExtendingBackend.Frontend", "SelfExtendingBackend.Frontend\SelfExtendingBackend.Frontend.csproj", "{65CBF9D5-B954-44CE-A79F-1F9E51560ECF}"
EndProject
Global
	GlobalSection(SolutionConfigurationPlatforms) = preSolution
		Debug|Any CPU = Debug|Any CPU
		Release|Any CPU = Release|Any CPU
	EndGlobalSection
	GlobalSection(ProjectConfigurationPlatforms) = postSolution
		{B2D0C3AA-BC39-44EF-B65B-178E94941F96}.Debug|Any CPU.ActiveCfg = Debug|Any CPU
		{B2D0C3AA-BC39-44EF-B65B-178E94941F96}.Debug|Any CPU.Build.0 = Debug|Any CPU
		{B2D0C3AA-BC39-44EF-B65B-178E94941F96}.Release|Any CPU.ActiveCfg = Release|Any CPU
		{B2D0C3AA-BC39-44EF-B65B-178E94941F96}.Release|Any CPU.Build.0 = Release|Any CPU
		{CF1489CB-4238-4D2C-9521-2C0C2DE8086F}.Debug|Any CPU.ActiveCfg = Debug|Any CPU
		{CF1489CB-4238-4D2C-9521-2C0C2DE8086F}.Debug|Any CPU.Build.0 = Debug|Any CPU
		{CF1489CB-4238-4D2C-9521-2C0C2DE8086F}.Release|Any CPU.ActiveCfg = Release|Any CPU
		{CF1489CB-4238-4D2C-9521-2C0C2DE8086F}.Release|Any CPU.Build.0 = Release|Any CPU
		{C684B085-97D2-4D38-9009-B37DDD9E407A}.Debug|Any CPU.ActiveCfg = Debug|Any CPU
		{C684B085-97D2-4D38-9009-B37DDD9E407A}.Debug|Any CPU.Build.0 = Debug|Any CPU
		{C684B085-97D2-4D38-9009-B37DDD9E407A}.Release|Any CPU.ActiveCfg = Release|Any CPU
		{C684B085-97D2-4D38-9009-B37DDD9E407A}.Release|Any CPU.Build.0 = Release|Any CPU
		{65CBF9D5-B954-44CE-A79F-1F9E51560ECF}.Debug|Any CPU.ActiveCfg = Debug|Any CPU
		{65CBF9D5-B954-44CE-A79F-1F9E51560ECF}.Debug|Any CPU.Build.0 = Debug|Any CPU
		{65CBF9D5-B954-44CE-A79F-1F9E51560ECF}.Release|Any CPU.ActiveCfg = Release|Any CPU
		{65CBF9D5-B954-44CE-A79F-1F9E51560ECF}.Release|Any CPU.Build.0 = Release|Any CPU
	EndGlobalSection
EndGlobal
